
Microsoft Visual Studio Solution File, Format Version 12.00
# Visual Studio Version 16
VisualStudioVersion = 16.0.31019.35
MinimumVisualStudioVersion = 10.0.40219.1
Project("{FAE04EC0-301F-11D3-BF4B-00C04F79EFBC}") = "BookListMVC", "BookListMVC\BookListMVC.csproj", "{9BB8E8EB-F189-4A33-8399-83A0AFD8B3EB}"
EndProject
Global
	GlobalSection(SolutionConfigurationPlatforms) = preSolution
		Debug|Any CPU = Debug|Any CPU
		Release|Any CPU = Release|Any CPU
	EndGlobalSection
	GlobalSection(ProjectConfigurationPlatforms) = postSolution
		{9BB8E8EB-F189-4A33-8399-83A0AFD8B3EB}.Debug|Any CPU.ActiveCfg = Debug|Any CPU
		{9BB8E8EB-F189-4A33-8399-83A0AFD8B3EB}.Debug|Any CPU.Build.0 = Debug|Any CPU
		{9BB8E8EB-F189-4A33-8399-83A0AFD8B3EB}.Release|Any CPU.ActiveCfg = Release|Any CPU
		{9BB8E8EB-F189-4A33-8399-83A0AFD8B3EB}.Release|Any CPU.Build.0 = Release|Any CPU
	EndGlobalSection
	GlobalSection(SolutionProperties) = preSolution
		HideSolutionNode = FALSE
	EndGlobalSection
	GlobalSection(ExtensibilityGlobals) = postSolution
		SolutionGuid = {CF86CB70-8172-41C3-B8DB-AE060287B328}
	EndGlobalSection
EndGlobal
